// !$*UTF8*$!
{
	archiveVersion = 1;
	classes = {
	};
	objectVersion = 46;
	objects = {

/* Begin PBXBuildFile section */
		AF0DAE9316389BC70036254D /* FMDatabase.m in Sources */ = {isa = PBXBuildFile; fileRef = AF0DAE8A16389BC70036254D /* FMDatabase.m */; };
		AF0DAE9416389BC70036254D /* FMDatabaseAdditions.m in Sources */ = {isa = PBXBuildFile; fileRef = AF0DAE8C16389BC70036254D /* FMDatabaseAdditions.m */; };
		AF0DAE9516389BC70036254D /* FMDatabasePool.m in Sources */ = {isa = PBXBuildFile; fileRef = AF0DAE8E16389BC70036254D /* FMDatabasePool.m */; };
		AF0DAE9616389BC70036254D /* FMDatabaseQueue.m in Sources */ = {isa = PBXBuildFile; fileRef = AF0DAE9016389BC70036254D /* FMDatabaseQueue.m */; };
		AF0DAE9716389BC70036254D /* FMResultSet.m in Sources */ = {isa = PBXBuildFile; fileRef = AF0DAE9216389BC70036254D /* FMResultSet.m */; };
		AF0DAE9A16389C130036254D /* libsqlite3.dylib in Frameworks */ = {isa = PBXBuildFile; fileRef = AF0DAE9916389C130036254D /* libsqlite3.dylib */; };
		AF53459A165AFFCC0082AB1D /* HomeViewController.m in Sources */ = {isa = PBXBuildFile; fileRef = AF534599165AFFCC0082AB1D /* HomeViewController.m */; };
		AF53459D165B01DC0082AB1D /* SettingsModalViewController.m in Sources */ = {isa = PBXBuildFile; fileRef = AF53459C165B01DC0082AB1D /* SettingsModalViewController.m */; };
		AF6106491664425E00588519 /* Default@2x.png in Resources */ = {isa = PBXBuildFile; fileRef = AF6106481664425E00588519 /* Default@2x.png */; };
		AF61064B1664426100588519 /* Default.png in Resources */ = {isa = PBXBuildFile; fileRef = AF61064A1664426100588519 /* Default.png */; };
		AF9647311672A57D00F47062 /* EndCellBackground@2x.png in Resources */ = {isa = PBXBuildFile; fileRef = AF96472D1672A57D00F47062 /* EndCellBackground@2x.png */; };
		AF9647321672A57D00F47062 /* MidCellBackground@2x.png in Resources */ = {isa = PBXBuildFile; fileRef = AF96472E1672A57D00F47062 /* MidCellBackground@2x.png */; };
		AF9647331672A57D00F47062 /* StartCellBackground@2x.png in Resources */ = {isa = PBXBuildFile; fileRef = AF96472F1672A57D00F47062 /* StartCellBackground@2x.png */; };
		AF9647341672A57D00F47062 /* StartStation.xib in Resources */ = {isa = PBXBuildFile; fileRef = AF9647301672A57D00F47062 /* StartStation.xib */; };
		AF9647381672A65B00F47062 /* OverviewCustomCell.m in Sources */ = {isa = PBXBuildFile; fileRef = AF9647371672A65B00F47062 /* OverviewCustomCell.m */; };
		AF96A9C116407C12004DD8A8 /* AFHTTPClient.m in Sources */ = {isa = PBXBuildFile; fileRef = AF96A9AF16407C12004DD8A8 /* AFHTTPClient.m */; };
		AF96A9C216407C12004DD8A8 /* AFHTTPRequestOperation.m in Sources */ = {isa = PBXBuildFile; fileRef = AF96A9B116407C12004DD8A8 /* AFHTTPRequestOperation.m */; };
		AF96A9C316407C12004DD8A8 /* AFImageRequestOperation.m in Sources */ = {isa = PBXBuildFile; fileRef = AF96A9B316407C12004DD8A8 /* AFImageRequestOperation.m */; };
		AF96A9C416407C12004DD8A8 /* AFJSONRequestOperation.m in Sources */ = {isa = PBXBuildFile; fileRef = AF96A9B516407C12004DD8A8 /* AFJSONRequestOperation.m */; };
		AF96A9C516407C12004DD8A8 /* AFNetworkActivityIndicatorManager.m in Sources */ = {isa = PBXBuildFile; fileRef = AF96A9B716407C12004DD8A8 /* AFNetworkActivityIndicatorManager.m */; };
		AF96A9C616407C12004DD8A8 /* AFPropertyListRequestOperation.m in Sources */ = {isa = PBXBuildFile; fileRef = AF96A9BA16407C12004DD8A8 /* AFPropertyListRequestOperation.m */; };
		AF96A9C716407C12004DD8A8 /* AFURLConnectionOperation.m in Sources */ = {isa = PBXBuildFile; fileRef = AF96A9BC16407C12004DD8A8 /* AFURLConnectionOperation.m */; };
		AF96A9C816407C12004DD8A8 /* AFXMLRequestOperation.m in Sources */ = {isa = PBXBuildFile; fileRef = AF96A9BE16407C12004DD8A8 /* AFXMLRequestOperation.m */; };
		AF96A9C916407C12004DD8A8 /* UIImageView+AFNetworking.m in Sources */ = {isa = PBXBuildFile; fileRef = AF96A9C016407C12004DD8A8 /* UIImageView+AFNetworking.m */; };
		AFB74F42166D6D1600BA71EE /* MenuViewController.m in Sources */ = {isa = PBXBuildFile; fileRef = AFB74F41166D6D1600BA71EE /* MenuViewController.m */; };
		AFC382D016717BD000CDC006 /* ChooseDepartureStationViewController.m in Sources */ = {isa = PBXBuildFile; fileRef = AFC382CF16717BD000CDC006 /* ChooseDepartureStationViewController.m */; };
		AFC382D316717BDB00CDC006 /* ChooseDestinationStationViewController.m in Sources */ = {isa = PBXBuildFile; fileRef = AFC382D216717BDB00CDC006 /* ChooseDestinationStationViewController.m */; };
		AFC382DC167187C500CDC006 /* OverviewTableViewController.m in Sources */ = {isa = PBXBuildFile; fileRef = AFC382DB167187C500CDC006 /* OverviewTableViewController.m */; };
		AFC382DE1671972500CDC006 /* Default-568h@2x.png in Resources */ = {isa = PBXBuildFile; fileRef = AFC382DD1671972500CDC006 /* Default-568h@2x.png */; };
		AFCDAD901637163F00F76D41 /* UIKit.framework in Frameworks */ = {isa = PBXBuildFile; fileRef = AFCDAD8F1637163F00F76D41 /* UIKit.framework */; };
		AFCDAD921637163F00F76D41 /* Foundation.framework in Frameworks */ = {isa = PBXBuildFile; fileRef = AFCDAD911637163F00F76D41 /* Foundation.framework */; };
		AFCDAD941637163F00F76D41 /* CoreGraphics.framework in Frameworks */ = {isa = PBXBuildFile; fileRef = AFCDAD931637163F00F76D41 /* CoreGraphics.framework */; };
		AFCDAD9A1637163F00F76D41 /* InfoPlist.strings in Resources */ = {isa = PBXBuildFile; fileRef = AFCDAD981637163F00F76D41 /* InfoPlist.strings */; };
		AFCDAD9C1637163F00F76D41 /* main.m in Sources */ = {isa = PBXBuildFile; fileRef = AFCDAD9B1637163F00F76D41 /* main.m */; };
		AFCDADA01637163F00F76D41 /* AppDelegate.m in Sources */ = {isa = PBXBuildFile; fileRef = AFCDAD9F1637163F00F76D41 /* AppDelegate.m */; };
		AFCDADA71637164C00F76D41 /* MainStoryboard.storyboard in Resources */ = {isa = PBXBuildFile; fileRef = AFCDADA61637164C00F76D41 /* MainStoryboard.storyboard */; };
		AFCED321167273B800A24240 /* FindStationViewController.m in Sources */ = {isa = PBXBuildFile; fileRef = AFCED320167273B800A24240 /* FindStationViewController.m */; };
		AFDCC46816719CE300447A7B /* FavoritesTableViewController.m in Sources */ = {isa = PBXBuildFile; fileRef = AFDCC46716719CE300447A7B /* FavoritesTableViewController.m */; };
		FB4DDECF166FEEC3008848A3 /* CloseButton.png in Resources */ = {isa = PBXBuildFile; fileRef = FB4DDEC7166FEEC2008848A3 /* CloseButton.png */; };
		FB4DDED0166FEEC3008848A3 /* DCEZLogo.png in Resources */ = {isa = PBXBuildFile; fileRef = FB4DDEC8166FEEC2008848A3 /* DCEZLogo.png */; };
		FB4DDED1166FEEC3008848A3 /* fav-routes-btn.png in Resources */ = {isa = PBXBuildFile; fileRef = FB4DDEC9166FEEC2008848A3 /* fav-routes-btn.png */; };
		FB4DDED2166FEEC3008848A3 /* find-stations-btn.png in Resources */ = {isa = PBXBuildFile; fileRef = FB4DDECA166FEEC2008848A3 /* find-stations-btn.png */; };
		FB4DDED3166FEEC3008848A3 /* ListButton.png in Resources */ = {isa = PBXBuildFile; fileRef = FB4DDECB166FEEC2008848A3 /* ListButton.png */; };
		FB4DDED4166FEEC3008848A3 /* MenuButton.png in Resources */ = {isa = PBXBuildFile; fileRef = FB4DDECC166FEEC2008848A3 /* MenuButton.png */; };
		FB4DDED5166FEEC3008848A3 /* plan-a-route-btn.png in Resources */ = {isa = PBXBuildFile; fileRef = FB4DDECD166FEEC2008848A3 /* plan-a-route-btn.png */; };
		FB4DDED6166FEEC3008848A3 /* SettingsButton.png in Resources */ = {isa = PBXBuildFile; fileRef = FB4DDECE166FEEC3008848A3 /* SettingsButton.png */; };
/* End PBXBuildFile section */

/* Begin PBXFileReference section */
		AF0DAE8916389BC70036254D /* FMDatabase.h */ = {isa = PBXFileReference; fileEncoding = 4; lastKnownFileType = sourcecode.c.h; name = FMDatabase.h; path = FMDB/FMDatabase.h; sourceTree = "<group>"; };
		AF0DAE8A16389BC70036254D /* FMDatabase.m */ = {isa = PBXFileReference; fileEncoding = 4; lastKnownFileType = sourcecode.c.objc; name = FMDatabase.m; path = FMDB/FMDatabase.m; sourceTree = "<group>"; };
		AF0DAE8B16389BC70036254D /* FMDatabaseAdditions.h */ = {isa = PBXFileReference; fileEncoding = 4; lastKnownFileType = sourcecode.c.h; name = FMDatabaseAdditions.h; path = FMDB/FMDatabaseAdditions.h; sourceTree = "<group>"; };
		AF0DAE8C16389BC70036254D /* FMDatabaseAdditions.m */ = {isa = PBXFileReference; fileEncoding = 4; lastKnownFileType = sourcecode.c.objc; name = FMDatabaseAdditions.m; path = FMDB/FMDatabaseAdditions.m; sourceTree = "<group>"; };
		AF0DAE8D16389BC70036254D /* FMDatabasePool.h */ = {isa = PBXFileReference; fileEncoding = 4; lastKnownFileType = sourcecode.c.h; name = FMDatabasePool.h; path = FMDB/FMDatabasePool.h; sourceTree = "<group>"; };
		AF0DAE8E16389BC70036254D /* FMDatabasePool.m */ = {isa = PBXFileReference; fileEncoding = 4; lastKnownFileType = sourcecode.c.objc; name = FMDatabasePool.m; path = FMDB/FMDatabasePool.m; sourceTree = "<group>"; };
		AF0DAE8F16389BC70036254D /* FMDatabaseQueue.h */ = {isa = PBXFileReference; fileEncoding = 4; lastKnownFileType = sourcecode.c.h; name = FMDatabaseQueue.h; path = FMDB/FMDatabaseQueue.h; sourceTree = "<group>"; };
		AF0DAE9016389BC70036254D /* FMDatabaseQueue.m */ = {isa = PBXFileReference; fileEncoding = 4; lastKnownFileType = sourcecode.c.objc; name = FMDatabaseQueue.m; path = FMDB/FMDatabaseQueue.m; sourceTree = "<group>"; };
		AF0DAE9116389BC70036254D /* FMResultSet.h */ = {isa = PBXFileReference; fileEncoding = 4; lastKnownFileType = sourcecode.c.h; name = FMResultSet.h; path = FMDB/FMResultSet.h; sourceTree = "<group>"; };
		AF0DAE9216389BC70036254D /* FMResultSet.m */ = {isa = PBXFileReference; fileEncoding = 4; lastKnownFileType = sourcecode.c.objc; name = FMResultSet.m; path = FMDB/FMResultSet.m; sourceTree = "<group>"; };
		AF0DAE9916389C130036254D /* libsqlite3.dylib */ = {isa = PBXFileReference; lastKnownFileType = "compiled.mach-o.dylib"; name = libsqlite3.dylib; path = usr/lib/libsqlite3.dylib; sourceTree = SDKROOT; };
		AF534598165AFFCC0082AB1D /* HomeViewController.h */ = {isa = PBXFileReference; fileEncoding = 4; lastKnownFileType = sourcecode.c.h; name = HomeViewController.h; path = ../HomeViewController.h; sourceTree = "<group>"; };
		AF534599165AFFCC0082AB1D /* HomeViewController.m */ = {isa = PBXFileReference; fileEncoding = 4; lastKnownFileType = sourcecode.c.objc; name = HomeViewController.m; path = ../HomeViewController.m; sourceTree = "<group>"; };
		AF53459B165B01DC0082AB1D /* SettingsModalViewController.h */ = {isa = PBXFileReference; fileEncoding = 4; lastKnownFileType = sourcecode.c.h; name = SettingsModalViewController.h; path = ../SettingsModalViewController.h; sourceTree = "<group>"; };
		AF53459C165B01DC0082AB1D /* SettingsModalViewController.m */ = {isa = PBXFileReference; fileEncoding = 4; lastKnownFileType = sourcecode.c.objc; name = SettingsModalViewController.m; path = ../SettingsModalViewController.m; sourceTree = "<group>"; };
		AF6106481664425E00588519 /* Default@2x.png */ = {isa = PBXFileReference; lastKnownFileType = image.png; path = "Default@2x.png"; sourceTree = "<group>"; };
		AF61064A1664426100588519 /* Default.png */ = {isa = PBXFileReference; lastKnownFileType = image.png; path = Default.png; sourceTree = "<group>"; };
		AF96472D1672A57D00F47062 /* EndCellBackground@2x.png */ = {isa = PBXFileReference; lastKnownFileType = image.png; path = "EndCellBackground@2x.png"; sourceTree = "<group>"; };
		AF96472E1672A57D00F47062 /* MidCellBackground@2x.png */ = {isa = PBXFileReference; lastKnownFileType = image.png; path = "MidCellBackground@2x.png"; sourceTree = "<group>"; };
		AF96472F1672A57D00F47062 /* StartCellBackground@2x.png */ = {isa = PBXFileReference; lastKnownFileType = image.png; path = "StartCellBackground@2x.png"; sourceTree = "<group>"; };
		AF9647301672A57D00F47062 /* StartStation.xib */ = {isa = PBXFileReference; fileEncoding = 4; lastKnownFileType = file.xib; path = StartStation.xib; sourceTree = "<group>"; };
		AF9647361672A65B00F47062 /* OverviewCustomCell.h */ = {isa = PBXFileReference; fileEncoding = 4; lastKnownFileType = sourcecode.c.h; name = OverviewCustomCell.h; path = ../OverviewCustomCell.h; sourceTree = "<group>"; };
		AF9647371672A65B00F47062 /* OverviewCustomCell.m */ = {isa = PBXFileReference; fileEncoding = 4; lastKnownFileType = sourcecode.c.objc; name = OverviewCustomCell.m; path = ../OverviewCustomCell.m; sourceTree = "<group>"; };
		AF96A9AE16407C12004DD8A8 /* AFHTTPClient.h */ = {isa = PBXFileReference; fileEncoding = 4; lastKnownFileType = sourcecode.c.h; path = AFHTTPClient.h; sourceTree = "<group>"; };
		AF96A9AF16407C12004DD8A8 /* AFHTTPClient.m */ = {isa = PBXFileReference; fileEncoding = 4; lastKnownFileType = sourcecode.c.objc; path = AFHTTPClient.m; sourceTree = "<group>"; };
		AF96A9B016407C12004DD8A8 /* AFHTTPRequestOperation.h */ = {isa = PBXFileReference; fileEncoding = 4; lastKnownFileType = sourcecode.c.h; path = AFHTTPRequestOperation.h; sourceTree = "<group>"; };
		AF96A9B116407C12004DD8A8 /* AFHTTPRequestOperation.m */ = {isa = PBXFileReference; fileEncoding = 4; lastKnownFileType = sourcecode.c.objc; path = AFHTTPRequestOperation.m; sourceTree = "<group>"; };
		AF96A9B216407C12004DD8A8 /* AFImageRequestOperation.h */ = {isa = PBXFileReference; fileEncoding = 4; lastKnownFileType = sourcecode.c.h; path = AFImageRequestOperation.h; sourceTree = "<group>"; };
		AF96A9B316407C12004DD8A8 /* AFImageRequestOperation.m */ = {isa = PBXFileReference; fileEncoding = 4; lastKnownFileType = sourcecode.c.objc; path = AFImageRequestOperation.m; sourceTree = "<group>"; };
		AF96A9B416407C12004DD8A8 /* AFJSONRequestOperation.h */ = {isa = PBXFileReference; fileEncoding = 4; lastKnownFileType = sourcecode.c.h; path = AFJSONRequestOperation.h; sourceTree = "<group>"; };
		AF96A9B516407C12004DD8A8 /* AFJSONRequestOperation.m */ = {isa = PBXFileReference; fileEncoding = 4; lastKnownFileType = sourcecode.c.objc; path = AFJSONRequestOperation.m; sourceTree = "<group>"; };
		AF96A9B616407C12004DD8A8 /* AFNetworkActivityIndicatorManager.h */ = {isa = PBXFileReference; fileEncoding = 4; lastKnownFileType = sourcecode.c.h; path = AFNetworkActivityIndicatorManager.h; sourceTree = "<group>"; };
		AF96A9B716407C12004DD8A8 /* AFNetworkActivityIndicatorManager.m */ = {isa = PBXFileReference; fileEncoding = 4; lastKnownFileType = sourcecode.c.objc; path = AFNetworkActivityIndicatorManager.m; sourceTree = "<group>"; };
		AF96A9B816407C12004DD8A8 /* AFNetworking.h */ = {isa = PBXFileReference; fileEncoding = 4; lastKnownFileType = sourcecode.c.h; path = AFNetworking.h; sourceTree = "<group>"; };
		AF96A9B916407C12004DD8A8 /* AFPropertyListRequestOperation.h */ = {isa = PBXFileReference; fileEncoding = 4; lastKnownFileType = sourcecode.c.h; path = AFPropertyListRequestOperation.h; sourceTree = "<group>"; };
		AF96A9BA16407C12004DD8A8 /* AFPropertyListRequestOperation.m */ = {isa = PBXFileReference; fileEncoding = 4; lastKnownFileType = sourcecode.c.objc; path = AFPropertyListRequestOperation.m; sourceTree = "<group>"; };
		AF96A9BB16407C12004DD8A8 /* AFURLConnectionOperation.h */ = {isa = PBXFileReference; fileEncoding = 4; lastKnownFileType = sourcecode.c.h; path = AFURLConnectionOperation.h; sourceTree = "<group>"; };
		AF96A9BC16407C12004DD8A8 /* AFURLConnectionOperation.m */ = {isa = PBXFileReference; fileEncoding = 4; lastKnownFileType = sourcecode.c.objc; path = AFURLConnectionOperation.m; sourceTree = "<group>"; };
		AF96A9BD16407C12004DD8A8 /* AFXMLRequestOperation.h */ = {isa = PBXFileReference; fileEncoding = 4; lastKnownFileType = sourcecode.c.h; path = AFXMLRequestOperation.h; sourceTree = "<group>"; };
		AF96A9BE16407C12004DD8A8 /* AFXMLRequestOperation.m */ = {isa = PBXFileReference; fileEncoding = 4; lastKnownFileType = sourcecode.c.objc; path = AFXMLRequestOperation.m; sourceTree = "<group>"; };
		AF96A9BF16407C12004DD8A8 /* UIImageView+AFNetworking.h */ = {isa = PBXFileReference; fileEncoding = 4; lastKnownFileType = sourcecode.c.h; path = "UIImageView+AFNetworking.h"; sourceTree = "<group>"; };
		AF96A9C016407C12004DD8A8 /* UIImageView+AFNetworking.m */ = {isa = PBXFileReference; fileEncoding = 4; lastKnownFileType = sourcecode.c.objc; path = "UIImageView+AFNetworking.m"; sourceTree = "<group>"; };
		AFB74F40166D6D1600BA71EE /* MenuViewController.h */ = {isa = PBXFileReference; fileEncoding = 4; lastKnownFileType = sourcecode.c.h; path = MenuViewController.h; sourceTree = "<group>"; };
		AFB74F41166D6D1600BA71EE /* MenuViewController.m */ = {isa = PBXFileReference; fileEncoding = 4; lastKnownFileType = sourcecode.c.objc; path = MenuViewController.m; sourceTree = "<group>"; };
		AFC382CE16717BD000CDC006 /* ChooseDepartureStationViewController.h */ = {isa = PBXFileReference; fileEncoding = 4; lastKnownFileType = sourcecode.c.h; name = ChooseDepartureStationViewController.h; path = ../ChooseDepartureStationViewController.h; sourceTree = "<group>"; };
		AFC382CF16717BD000CDC006 /* ChooseDepartureStationViewController.m */ = {isa = PBXFileReference; fileEncoding = 4; lastKnownFileType = sourcecode.c.objc; name = ChooseDepartureStationViewController.m; path = ../ChooseDepartureStationViewController.m; sourceTree = "<group>"; };
		AFC382D116717BDB00CDC006 /* ChooseDestinationStationViewController.h */ = {isa = PBXFileReference; fileEncoding = 4; lastKnownFileType = sourcecode.c.h; name = ChooseDestinationStationViewController.h; path = ../ChooseDestinationStationViewController.h; sourceTree = "<group>"; };
		AFC382D216717BDB00CDC006 /* ChooseDestinationStationViewController.m */ = {isa = PBXFileReference; fileEncoding = 4; lastKnownFileType = sourcecode.c.objc; name = ChooseDestinationStationViewController.m; path = ../ChooseDestinationStationViewController.m; sourceTree = "<group>"; };
		AFC382DA167187C500CDC006 /* OverviewTableViewController.h */ = {isa = PBXFileReference; fileEncoding = 4; lastKnownFileType = sourcecode.c.h; path = OverviewTableViewController.h; sourceTree = "<group>"; };
		AFC382DB167187C500CDC006 /* OverviewTableViewController.m */ = {isa = PBXFileReference; fileEncoding = 4; lastKnownFileType = sourcecode.c.objc; path = OverviewTableViewController.m; sourceTree = "<group>"; };
		AFC382DD1671972500CDC006 /* Default-568h@2x.png */ = {isa = PBXFileReference; lastKnownFileType = image.png; path = "Default-568h@2x.png"; sourceTree = "<group>"; };
		AFCDAD8B1637163F00F76D41 /* DCEZ.app */ = {isa = PBXFileReference; explicitFileType = wrapper.application; includeInIndex = 0; path = DCEZ.app; sourceTree = BUILT_PRODUCTS_DIR; };
		AFCDAD8F1637163F00F76D41 /* UIKit.framework */ = {isa = PBXFileReference; lastKnownFileType = wrapper.framework; name = UIKit.framework; path = System/Library/Frameworks/UIKit.framework; sourceTree = SDKROOT; };
		AFCDAD911637163F00F76D41 /* Foundation.framework */ = {isa = PBXFileReference; lastKnownFileType = wrapper.framework; name = Foundation.framework; path = System/Library/Frameworks/Foundation.framework; sourceTree = SDKROOT; };
		AFCDAD931637163F00F76D41 /* CoreGraphics.framework */ = {isa = PBXFileReference; lastKnownFileType = wrapper.framework; name = CoreGraphics.framework; path = System/Library/Frameworks/CoreGraphics.framework; sourceTree = SDKROOT; };
		AFCDAD971637163F00F76D41 /* DCEZ-Info.plist */ = {isa = PBXFileReference; lastKnownFileType = text.plist.xml; path = "DCEZ-Info.plist"; sourceTree = "<group>"; };
		AFCDAD991637163F00F76D41 /* en */ = {isa = PBXFileReference; lastKnownFileType = text.plist.strings; name = en; path = en.lproj/InfoPlist.strings; sourceTree = "<group>"; };
		AFCDAD9B1637163F00F76D41 /* main.m */ = {isa = PBXFileReference; lastKnownFileType = sourcecode.c.objc; path = main.m; sourceTree = "<group>"; };
		AFCDAD9D1637163F00F76D41 /* DCEZ-Prefix.pch */ = {isa = PBXFileReference; lastKnownFileType = sourcecode.c.h; path = "DCEZ-Prefix.pch"; sourceTree = "<group>"; };
		AFCDAD9E1637163F00F76D41 /* AppDelegate.h */ = {isa = PBXFileReference; lastKnownFileType = sourcecode.c.h; path = AppDelegate.h; sourceTree = "<group>"; };
		AFCDAD9F1637163F00F76D41 /* AppDelegate.m */ = {isa = PBXFileReference; lastKnownFileType = sourcecode.c.objc; path = AppDelegate.m; sourceTree = "<group>"; };
		AFCDADA61637164C00F76D41 /* MainStoryboard.storyboard */ = {isa = PBXFileReference; fileEncoding = 4; lastKnownFileType = file.storyboard; path = MainStoryboard.storyboard; sourceTree = "<group>"; };
		AFCED31F167273B800A24240 /* FindStationViewController.h */ = {isa = PBXFileReference; fileEncoding = 4; lastKnownFileType = sourcecode.c.h; name = FindStationViewController.h; path = ../FindStationViewController.h; sourceTree = "<group>"; };
		AFCED320167273B800A24240 /* FindStationViewController.m */ = {isa = PBXFileReference; fileEncoding = 4; lastKnownFileType = sourcecode.c.objc; name = FindStationViewController.m; path = ../FindStationViewController.m; sourceTree = "<group>"; };
		AFDCC46616719CE300447A7B /* FavoritesTableViewController.h */ = {isa = PBXFileReference; fileEncoding = 4; lastKnownFileType = sourcecode.c.h; name = FavoritesTableViewController.h; path = ../FavoritesTableViewController.h; sourceTree = "<group>"; };
		AFDCC46716719CE300447A7B /* FavoritesTableViewController.m */ = {isa = PBXFileReference; fileEncoding = 4; lastKnownFileType = sourcecode.c.objc; name = FavoritesTableViewController.m; path = ../FavoritesTableViewController.m; sourceTree = "<group>"; };
		FB4DDEC7166FEEC2008848A3 /* CloseButton.png */ = {isa = PBXFileReference; lastKnownFileType = image.png; path = CloseButton.png; sourceTree = "<group>"; };
		FB4DDEC8166FEEC2008848A3 /* DCEZLogo.png */ = {isa = PBXFileReference; lastKnownFileType = image.png; path = DCEZLogo.png; sourceTree = "<group>"; };
		FB4DDEC9166FEEC2008848A3 /* fav-routes-btn.png */ = {isa = PBXFileReference; lastKnownFileType = image.png; path = "fav-routes-btn.png"; sourceTree = "<group>"; };
		FB4DDECA166FEEC2008848A3 /* find-stations-btn.png */ = {isa = PBXFileReference; lastKnownFileType = image.png; path = "find-stations-btn.png"; sourceTree = "<group>"; };
		FB4DDECB166FEEC2008848A3 /* ListButton.png */ = {isa = PBXFileReference; lastKnownFileType = image.png; path = ListButton.png; sourceTree = "<group>"; };
		FB4DDECC166FEEC2008848A3 /* MenuButton.png */ = {isa = PBXFileReference; lastKnownFileType = image.png; path = MenuButton.png; sourceTree = "<group>"; };
		FB4DDECD166FEEC2008848A3 /* plan-a-route-btn.png */ = {isa = PBXFileReference; lastKnownFileType = image.png; path = "plan-a-route-btn.png"; sourceTree = "<group>"; };
		FB4DDECE166FEEC3008848A3 /* SettingsButton.png */ = {isa = PBXFileReference; lastKnownFileType = image.png; path = SettingsButton.png; sourceTree = "<group>"; };
/* End PBXFileReference section */

/* Begin PBXFrameworksBuildPhase section */
		AFCDAD881637163E00F76D41 /* Frameworks */ = {
			isa = PBXFrameworksBuildPhase;
			buildActionMask = 2147483647;
			files = (
				AF0DAE9A16389C130036254D /* libsqlite3.dylib in Frameworks */,
				AFCDAD901637163F00F76D41 /* UIKit.framework in Frameworks */,
				AFCDAD921637163F00F76D41 /* Foundation.framework in Frameworks */,
				AFCDAD941637163F00F76D41 /* CoreGraphics.framework in Frameworks */,
			);
			runOnlyForDeploymentPostprocessing = 0;
		};
/* End PBXFrameworksBuildPhase section */

/* Begin PBXGroup section */
		AF0DAE9816389BCE0036254D /* FMDB */ = {
			isa = PBXGroup;
			children = (
				AF0DAE8916389BC70036254D /* FMDatabase.h */,
				AF0DAE8A16389BC70036254D /* FMDatabase.m */,
				AF0DAE8B16389BC70036254D /* FMDatabaseAdditions.h */,
				AF0DAE8C16389BC70036254D /* FMDatabaseAdditions.m */,
				AF0DAE8D16389BC70036254D /* FMDatabasePool.h */,
				AF0DAE8E16389BC70036254D /* FMDatabasePool.m */,
				AF0DAE8F16389BC70036254D /* FMDatabaseQueue.h */,
				AF0DAE9016389BC70036254D /* FMDatabaseQueue.m */,
				AF0DAE9116389BC70036254D /* FMResultSet.h */,
				AF0DAE9216389BC70036254D /* FMResultSet.m */,
			);
			name = FMDB;
			sourceTree = "<group>";
		};
		AF67BA6C166FF11A0078FA78 /* Image assets */ = {
			isa = PBXGroup;
			children = (
				AF96472D1672A57D00F47062 /* EndCellBackground@2x.png */,
				AF96472E1672A57D00F47062 /* MidCellBackground@2x.png */,
				AF96472F1672A57D00F47062 /* StartCellBackground@2x.png */,
				AF61064A1664426100588519 /* Default.png */,
				AF6106481664425E00588519 /* Default@2x.png */,
				AFC382DD1671972500CDC006 /* Default-568h@2x.png */,
				FB4DDEC7166FEEC2008848A3 /* CloseButton.png */,
				FB4DDEC8166FEEC2008848A3 /* DCEZLogo.png */,
				FB4DDEC9166FEEC2008848A3 /* fav-routes-btn.png */,
				FB4DDECA166FEEC2008848A3 /* find-stations-btn.png */,
				FB4DDECB166FEEC2008848A3 /* ListButton.png */,
				FB4DDECC166FEEC2008848A3 /* MenuButton.png */,
				FB4DDECD166FEEC2008848A3 /* plan-a-route-btn.png */,
				FB4DDECE166FEEC3008848A3 /* SettingsButton.png */,
			);
			name = "Image assets";
			sourceTree = "<group>";
		};
		AF96A9AD16407C12004DD8A8 /* AFNetworking */ = {
			isa = PBXGroup;
			children = (
				AF96A9AE16407C12004DD8A8 /* AFHTTPClient.h */,
				AF96A9AF16407C12004DD8A8 /* AFHTTPClient.m */,
				AF96A9B016407C12004DD8A8 /* AFHTTPRequestOperation.h */,
				AF96A9B116407C12004DD8A8 /* AFHTTPRequestOperation.m */,
				AF96A9B216407C12004DD8A8 /* AFImageRequestOperation.h */,
				AF96A9B316407C12004DD8A8 /* AFImageRequestOperation.m */,
				AF96A9B416407C12004DD8A8 /* AFJSONRequestOperation.h */,
				AF96A9B516407C12004DD8A8 /* AFJSONRequestOperation.m */,
				AF96A9B616407C12004DD8A8 /* AFNetworkActivityIndicatorManager.h */,
				AF96A9B716407C12004DD8A8 /* AFNetworkActivityIndicatorManager.m */,
				AF96A9B816407C12004DD8A8 /* AFNetworking.h */,
				AF96A9B916407C12004DD8A8 /* AFPropertyListRequestOperation.h */,
				AF96A9BA16407C12004DD8A8 /* AFPropertyListRequestOperation.m */,
				AF96A9BB16407C12004DD8A8 /* AFURLConnectionOperation.h */,
				AF96A9BC16407C12004DD8A8 /* AFURLConnectionOperation.m */,
				AF96A9BD16407C12004DD8A8 /* AFXMLRequestOperation.h */,
				AF96A9BE16407C12004DD8A8 /* AFXMLRequestOperation.m */,
				AF96A9BF16407C12004DD8A8 /* UIImageView+AFNetworking.h */,
				AF96A9C016407C12004DD8A8 /* UIImageView+AFNetworking.m */,
			);
			path = AFNetworking;
			sourceTree = "<group>";
		};
		AFCDAD801637163E00F76D41 = {
			isa = PBXGroup;
			children = (
				AFCDADA61637164C00F76D41 /* MainStoryboard.storyboard */,
				AF9647301672A57D00F47062 /* StartStation.xib */,
				AF0DAE9916389C130036254D /* libsqlite3.dylib */,
				AF96A9AD16407C12004DD8A8 /* AFNetworking */,
				AFCDAD951637163F00F76D41 /* Application Files */,
				AF0DAE9816389BCE0036254D /* FMDB */,
				AFCDAD8E1637163F00F76D41 /* Frameworks */,
				AF67BA6C166FF11A0078FA78 /* Image assets */,
				AFCDAD8C1637163F00F76D41 /* Products */,
			);
			sourceTree = "<group>";
		};
		AFCDAD8C1637163F00F76D41 /* Products */ = {
			isa = PBXGroup;
			children = (
				AFCDAD8B1637163F00F76D41 /* DCEZ.app */,
			);
			name = Products;
			sourceTree = "<group>";
		};
		AFCDAD8E1637163F00F76D41 /* Frameworks */ = {
			isa = PBXGroup;
			children = (
				AFCDAD8F1637163F00F76D41 /* UIKit.framework */,
				AFCDAD911637163F00F76D41 /* Foundation.framework */,
				AFCDAD931637163F00F76D41 /* CoreGraphics.framework */,
			);
			name = Frameworks;
			sourceTree = "<group>";
		};
		AFCDAD951637163F00F76D41 /* Application Files */ = {
			isa = PBXGroup;
			children = (
				AFCDAD9E1637163F00F76D41 /* AppDelegate.h */,
				AFCDAD9F1637163F00F76D41 /* AppDelegate.m */,
				AFC382CE16717BD000CDC006 /* ChooseDepartureStationViewController.h */,
				AFC382CF16717BD000CDC006 /* ChooseDepartureStationViewController.m */,
				AFC382D116717BDB00CDC006 /* ChooseDestinationStationViewController.h */,
				AFC382D216717BDB00CDC006 /* ChooseDestinationStationViewController.m */,
				AFDCC46616719CE300447A7B /* FavoritesTableViewController.h */,
				AFDCC46716719CE300447A7B /* FavoritesTableViewController.m */,
				AFCED31F167273B800A24240 /* FindStationViewController.h */,
				AFCED320167273B800A24240 /* FindStationViewController.m */,
				AF534598165AFFCC0082AB1D /* HomeViewController.h */,
				AF534599165AFFCC0082AB1D /* HomeViewController.m */,
				AFB74F40166D6D1600BA71EE /* MenuViewController.h */,
				AFB74F41166D6D1600BA71EE /* MenuViewController.m */,
				AF9647361672A65B00F47062 /* OverviewCustomCell.h */,
				AF9647371672A65B00F47062 /* OverviewCustomCell.m */,
				AFC382DA167187C500CDC006 /* OverviewTableViewController.h */,
				AFC382DB167187C500CDC006 /* OverviewTableViewController.m */,
				AF53459B165B01DC0082AB1D /* SettingsModalViewController.h */,
				AF53459C165B01DC0082AB1D /* SettingsModalViewController.m */,
				AFCDAD961637163F00F76D41 /* Supporting Files */,
			);
			name = "Application Files";
			path = "Final Project";
			sourceTree = "<group>";
		};
		AFCDAD961637163F00F76D41 /* Supporting Files */ = {
			isa = PBXGroup;
			children = (
				AFCDAD971637163F00F76D41 /* DCEZ-Info.plist */,
				AFCDAD981637163F00F76D41 /* InfoPlist.strings */,
				AFCDAD9B1637163F00F76D41 /* main.m */,
				AFCDAD9D1637163F00F76D41 /* DCEZ-Prefix.pch */,
			);
			name = "Supporting Files";
			sourceTree = "<group>";
		};
/* End PBXGroup section */

/* Begin PBXNativeTarget section */
		AFCDAD8A1637163E00F76D41 /* DCEZ */ = {
			isa = PBXNativeTarget;
			buildConfigurationList = AFCDADA31637163F00F76D41 /* Build configuration list for PBXNativeTarget "DCEZ" */;
			buildPhases = (
				AFCDAD871637163E00F76D41 /* Sources */,
				AFCDAD881637163E00F76D41 /* Frameworks */,
				AFCDAD891637163E00F76D41 /* Resources */,
			);
			buildRules = (
			);
			dependencies = (
			);
			name = DCEZ;
			productName = "Final Project";
			productReference = AFCDAD8B1637163F00F76D41 /* DCEZ.app */;
			productType = "com.apple.product-type.application";
		};
/* End PBXNativeTarget section */

/* Begin PBXProject section */
		AFCDAD821637163E00F76D41 /* Project object */ = {
			isa = PBXProject;
			attributes = {
				LastUpgradeCheck = 0440;
			};
			buildConfigurationList = AFCDAD851637163E00F76D41 /* Build configuration list for PBXProject "DCEZ" */;
			compatibilityVersion = "Xcode 3.2";
			developmentRegion = English;
			hasScannedForEncodings = 0;
			knownRegions = (
				en,
			);
			mainGroup = AFCDAD801637163E00F76D41;
			productRefGroup = AFCDAD8C1637163F00F76D41 /* Products */;
			projectDirPath = "";
			projectRoot = "";
			targets = (
				AFCDAD8A1637163E00F76D41 /* DCEZ */,
			);
		};
/* End PBXProject section */

/* Begin PBXResourcesBuildPhase section */
		AFCDAD891637163E00F76D41 /* Resources */ = {
			isa = PBXResourcesBuildPhase;
			buildActionMask = 2147483647;
			files = (
				AFCDAD9A1637163F00F76D41 /* InfoPlist.strings in Resources */,
				AFCDADA71637164C00F76D41 /* MainStoryboard.storyboard in Resources */,
				AF6106491664425E00588519 /* Default@2x.png in Resources */,
				AF61064B1664426100588519 /* Default.png in Resources */,
				FB4DDECF166FEEC3008848A3 /* CloseButton.png in Resources */,
				FB4DDED0166FEEC3008848A3 /* DCEZLogo.png in Resources */,
				FB4DDED1166FEEC3008848A3 /* fav-routes-btn.png in Resources */,
				FB4DDED2166FEEC3008848A3 /* find-stations-btn.png in Resources */,
				FB4DDED3166FEEC3008848A3 /* ListButton.png in Resources */,
				FB4DDED4166FEEC3008848A3 /* MenuButton.png in Resources */,
				FB4DDED5166FEEC3008848A3 /* plan-a-route-btn.png in Resources */,
				FB4DDED6166FEEC3008848A3 /* SettingsButton.png in Resources */,
				AFC382DE1671972500CDC006 /* Default-568h@2x.png in Resources */,
				AF9647311672A57D00F47062 /* EndCellBackground@2x.png in Resources */,
				AF9647321672A57D00F47062 /* MidCellBackground@2x.png in Resources */,
				AF9647331672A57D00F47062 /* StartCellBackground@2x.png in Resources */,
				AF9647341672A57D00F47062 /* StartStation.xib in Resources */,
			);
			runOnlyForDeploymentPostprocessing = 0;
		};
/* End PBXResourcesBuildPhase section */

/* Begin PBXSourcesBuildPhase section */
		AFCDAD871637163E00F76D41 /* Sources */ = {
			isa = PBXSourcesBuildPhase;
			buildActionMask = 2147483647;
			files = (
				AFCDAD9C1637163F00F76D41 /* main.m in Sources */,
				AFCDADA01637163F00F76D41 /* AppDelegate.m in Sources */,
				AF0DAE9316389BC70036254D /* FMDatabase.m in Sources */,
				AF0DAE9416389BC70036254D /* FMDatabaseAdditions.m in Sources */,
				AF0DAE9516389BC70036254D /* FMDatabasePool.m in Sources */,
				AF0DAE9616389BC70036254D /* FMDatabaseQueue.m in Sources */,
				AF0DAE9716389BC70036254D /* FMResultSet.m in Sources */,
				AF96A9C116407C12004DD8A8 /* AFHTTPClient.m in Sources */,
				AF96A9C216407C12004DD8A8 /* AFHTTPRequestOperation.m in Sources */,
				AF96A9C316407C12004DD8A8 /* AFImageRequestOperation.m in Sources */,
				AF96A9C416407C12004DD8A8 /* AFJSONRequestOperation.m in Sources */,
				AF96A9C516407C12004DD8A8 /* AFNetworkActivityIndicatorManager.m in Sources */,
				AF96A9C616407C12004DD8A8 /* AFPropertyListRequestOperation.m in Sources */,
				AF96A9C716407C12004DD8A8 /* AFURLConnectionOperation.m in Sources */,
				AF96A9C816407C12004DD8A8 /* AFXMLRequestOperation.m in Sources */,
				AF96A9C916407C12004DD8A8 /* UIImageView+AFNetworking.m in Sources */,
				AF53459A165AFFCC0082AB1D /* HomeViewController.m in Sources */,
				AF53459D165B01DC0082AB1D /* SettingsModalViewController.m in Sources */,
				AFB74F42166D6D1600BA71EE /* MenuViewController.m in Sources */,
				AFC382D016717BD000CDC006 /* ChooseDepartureStationViewController.m in Sources */,
				AFC382D316717BDB00CDC006 /* ChooseDestinationStationViewController.m in Sources */,
				AFC382DC167187C500CDC006 /* OverviewTableViewController.m in Sources */,
				AFDCC46816719CE300447A7B /* FavoritesTableViewController.m in Sources */,
				AFCED321167273B800A24240 /* FindStationViewController.m in Sources */,
				AF9647381672A65B00F47062 /* OverviewCustomCell.m in Sources */,
			);
			runOnlyForDeploymentPostprocessing = 0;
		};
/* End PBXSourcesBuildPhase section */

/* Begin PBXVariantGroup section */
		AFCDAD981637163F00F76D41 /* InfoPlist.strings */ = {
			isa = PBXVariantGroup;
			children = (
				AFCDAD991637163F00F76D41 /* en */,
			);
			name = InfoPlist.strings;
			sourceTree = "<group>";
		};
/* End PBXVariantGroup section */

/* Begin XCBuildConfiguration section */
		AFCDADA11637163F00F76D41 /* Debug */ = {
			isa = XCBuildConfiguration;
			buildSettings = {
				ALWAYS_SEARCH_USER_PATHS = NO;
				ARCHS = "$(ARCHS_STANDARD_32_BIT)";
				CLANG_CXX_LANGUAGE_STANDARD = "gnu++0x";
				CLANG_ENABLE_OBJC_ARC = YES;
				CLANG_WARN__DUPLICATE_METHOD_MATCH = YES;
				"CODE_SIGN_IDENTITY[sdk=iphoneos*]" = "iPhone Developer";
				COPY_PHASE_STRIP = NO;
				GCC_C_LANGUAGE_STANDARD = gnu99;
				GCC_DYNAMIC_NO_PIC = NO;
				GCC_OPTIMIZATION_LEVEL = 0;
				GCC_PREPROCESSOR_DEFINITIONS = (
					"DEBUG=1",
					"$(inherited)",
				);
				GCC_SYMBOLS_PRIVATE_EXTERN = NO;
				GCC_VERSION = com.apple.compilers.llvm.clang.1_0;
				GCC_WARN_ABOUT_RETURN_TYPE = YES;
				GCC_WARN_UNINITIALIZED_AUTOS = YES;
				GCC_WARN_UNUSED_VARIABLE = NO;
				IPHONEOS_DEPLOYMENT_TARGET = 6.0;
				SDKROOT = iphoneos;
			};
			name = Debug;
		};
		AFCDADA21637163F00F76D41 /* Release */ = {
			isa = XCBuildConfiguration;
			buildSettings = {
				ALWAYS_SEARCH_USER_PATHS = NO;
				ARCHS = "$(ARCHS_STANDARD_32_BIT)";
				CLANG_CXX_LANGUAGE_STANDARD = "gnu++0x";
				CLANG_ENABLE_OBJC_ARC = YES;
				CLANG_WARN__DUPLICATE_METHOD_MATCH = YES;
				"CODE_SIGN_IDENTITY[sdk=iphoneos*]" = "iPhone Developer";
				COPY_PHASE_STRIP = YES;
				GCC_C_LANGUAGE_STANDARD = gnu99;
				GCC_VERSION = com.apple.compilers.llvm.clang.1_0;
				GCC_WARN_ABOUT_RETURN_TYPE = YES;
				GCC_WARN_UNINITIALIZED_AUTOS = YES;
				GCC_WARN_UNUSED_VARIABLE = NO;
				IPHONEOS_DEPLOYMENT_TARGET = 6.0;
				OTHER_CFLAGS = "-DNS_BLOCK_ASSERTIONS=1";
				SDKROOT = iphoneos;
				VALIDATE_PRODUCT = YES;
			};
			name = Release;
		};
		AFCDADA41637163F00F76D41 /* Debug */ = {
			isa = XCBuildConfiguration;
			buildSettings = {
				GCC_PRECOMPILE_PREFIX_HEADER = YES;
				GCC_PREFIX_HEADER = "Final Project/DCEZ-Prefix.pch";
				INFOPLIST_FILE = "Final Project/DCEZ-Info.plist";
				PRODUCT_NAME = DCEZ;
				WRAPPER_EXTENSION = app;
			};
			name = Debug;
		};
		AFCDADA51637163F00F76D41 /* Release */ = {
			isa = XCBuildConfiguration;
			buildSettings = {
				GCC_PRECOMPILE_PREFIX_HEADER = YES;
				GCC_PREFIX_HEADER = "Final Project/DCEZ-Prefix.pch";
				INFOPLIST_FILE = "Final Project/DCEZ-Info.plist";
				PRODUCT_NAME = DCEZ;
				WRAPPER_EXTENSION = app;
			};
			name = Release;
		};
/* End XCBuildConfiguration section */

/* Begin XCConfigurationList section */
		AFCDAD851637163E00F76D41 /* Build configuration list for PBXProject "DCEZ" */ = {
			isa = XCConfigurationList;
			buildConfigurations = (
				AFCDADA11637163F00F76D41 /* Debug */,
				AFCDADA21637163F00F76D41 /* Release */,
			);
			defaultConfigurationIsVisible = 0;
			defaultConfigurationName = Release;
		};
		AFCDADA31637163F00F76D41 /* Build configuration list for PBXNativeTarget "DCEZ" */ = {
			isa = XCConfigurationList;
			buildConfigurations = (
				AFCDADA41637163F00F76D41 /* Debug */,
				AFCDADA51637163F00F76D41 /* Release */,
			);
			defaultConfigurationIsVisible = 0;
			defaultConfigurationName = Release;
		};
/* End XCConfigurationList section */
	};
	rootObject = AFCDAD821637163E00F76D41 /* Project object */;
}
